
Microsoft Visual Studio Solution File, Format Version 12.00
# Visual Studio 2012
Project("{FAE04EC0-301F-11D3-BF4B-00C04F79EFBC}") = "SimpleAngularJSApp.Entities", "SimpleAngularJSApp.Entities\SimpleAngularJSApp.Entities.csproj", "{481781B7-76BA-4F38-88EF-6CAA00D5225D}"
EndProject
Project("{FAE04EC0-301F-11D3-BF4B-00C04F79EFBC}") = "SimpleAngularJSApp.Data", "SimpleAngularJSApp.Data\SimpleAngularJSApp.Data.csproj", "{77CBF393-65FF-4056-9CC8-5F5D4A726EA6}"
EndProject
Project("{FAE04EC0-301F-11D3-BF4B-00C04F79EFBC}") = "SimpleAngularJSApp.Web", "SimpleAngularJSApp.Web\SimpleAngularJSApp.Web.csproj", "{FA390E67-885D-4D54-98DA-C6155290FDA8}"
EndProject
Global
	GlobalSection(SolutionConfigurationPlatforms) = preSolution
		Debug|Any CPU = Debug|Any CPU
		Release|Any CPU = Release|Any CPU
	EndGlobalSection
	GlobalSection(ProjectConfigurationPlatforms) = postSolution
		{481781B7-76BA-4F38-88EF-6CAA00D5225D}.Debug|Any CPU.ActiveCfg = Debug|Any CPU
		{481781B7-76BA-4F38-88EF-6CAA00D5225D}.Debug|Any CPU.Build.0 = Debug|Any CPU
		{481781B7-76BA-4F38-88EF-6CAA00D5225D}.Release|Any CPU.ActiveCfg = Release|Any CPU
		{481781B7-76BA-4F38-88EF-6CAA00D5225D}.Release|Any CPU.Build.0 = Release|Any CPU
		{77CBF393-65FF-4056-9CC8-5F5D4A726EA6}.Debug|Any CPU.ActiveCfg = Debug|Any CPU
		{77CBF393-65FF-4056-9CC8-5F5D4A726EA6}.Debug|Any CPU.Build.0 = Debug|Any CPU
		{77CBF393-65FF-4056-9CC8-5F5D4A726EA6}.Release|Any CPU.ActiveCfg = Release|Any CPU
		{77CBF393-65FF-4056-9CC8-5F5D4A726EA6}.Release|Any CPU.Build.0 = Release|Any CPU
		{FA390E67-885D-4D54-98DA-C6155290FDA8}.Debug|Any CPU.ActiveCfg = Debug|Any CPU
		{FA390E67-885D-4D54-98DA-C6155290FDA8}.Debug|Any CPU.Build.0 = Debug|Any CPU
		{FA390E67-885D-4D54-98DA-C6155290FDA8}.Release|Any CPU.ActiveCfg = Release|Any CPU
		{FA390E67-885D-4D54-98DA-C6155290FDA8}.Release|Any CPU.Build.0 = Release|Any CPU
	EndGlobalSection
	GlobalSection(SolutionProperties) = preSolution
		HideSolutionNode = FALSE
	EndGlobalSection
EndGlobal
